
Microsoft Visual Studio Solution File, Format Version 12.00
# Visual Studio Version 17
VisualStudioVersion = 17.8.34330.188
MinimumVisualStudioVersion = 10.0.40219.1
Project("{2150E333-8FDC-42A3-9474-1A3956D46DE8}") = "Solution Items", "Solution Items", "{3F4893E1-0CDE-4421-82F8-EC1277E39D51}"
	ProjectSection(SolutionItems) = preProject
		.gitignore = .gitignore
		Notes.txt = Notes.txt
		README.md = README.md
	EndProjectSection
EndProject
Project("{2150E333-8FDC-42A3-9474-1A3956D46DE8}") = "ips", "ips", "{FD49D41E-6C22-4B6D-B2E1-5B5A6CBB767D}"
	ProjectSection(SolutionItems) = preProject
		ips\elevators_speed.ips = ips\elevators_speed.ips
		ips\elevators_speed_arch.ips = ips\elevators_speed_arch.ips
		ips\elevators_speed_arch_smz3.ips = ips\elevators_speed_arch_smz3.ips
		ips\elevators_speed_smz3.ips = ips\elevators_speed_smz3.ips
		ips\fast_doors.ips = ips\fast_doors.ips
		ips\fast_doors_arch.ips = ips\fast_doors_arch.ips
		ips\fast_doors_arch_smz3.ips = ips\fast_doors_arch_smz3.ips
		ips\fast_doors_smz3.ips = ips\fast_doors_smz3.ips
		ips\green_pirates_shaft.ips = ips\green_pirates_shaft.ips
		ips\green_pirates_shaft_smz3.ips = ips\green_pirates_shaft_smz3.ips
		ips\Infinite_Space_Jump_smz3.ips = ips\Infinite_Space_Jump_smz3.ips
		ips\minimizer_tourian_common.ips = ips\minimizer_tourian_common.ips
		ips\minimizer_tourian_common_smz3.ips = ips\minimizer_tourian_common_smz3.ips
		ips\nerfed_charge.ips = ips\nerfed_charge.ips
		ips\nerfed_charge_arch.ips = ips\nerfed_charge_arch.ips
		ips\nerfed_charge_smz3.ips = ips\nerfed_charge_smz3.ips
		ips\random_music.ips = ips\random_music.ips
		ips\random_music_smz3.ips = ips\random_music_smz3.ips
		ips\refill_before_save.ips = ips\refill_before_save.ips
		ips\refill_before_save_smz3.ips = ips\refill_before_save_smz3.ips
		ips\remove_Infinite_Space_Jump.ips = ips\remove_Infinite_Space_Jump.ips
		ips\remove_Infinite_Space_Jump_smz3.ips = ips\remove_Infinite_Space_Jump_smz3.ips
		ips\spinjumprestart.ips = ips\spinjumprestart.ips
		ips\spinjumprestart_smz3.ips = ips\spinjumprestart_smz3.ips
		ips\supermetroid_msu1.ips = ips\supermetroid_msu1.ips
		ips\supermetroid_msu1_smz3.ips = ips\supermetroid_msu1_smz3.ips
	EndProjectSection
EndProject
Project("{2150E333-8FDC-42A3-9474-1A3956D46DE8}") = "Anit-Softlock", "Anit-Softlock", "{DABACA08-638A-4F0D-84D5-DFE91DA478A8}"
	ProjectSection(SolutionItems) = preProject
		ips\Anti-Softlock\brinstar_map_room.ips = ips\Anti-Softlock\brinstar_map_room.ips
		ips\Anti-Softlock\brinstar_map_room_smz3.ips = ips\Anti-Softlock\brinstar_map_room_smz3.ips
		ips\Anti-Softlock\dachora.ips = ips\Anti-Softlock\dachora.ips
		ips\Anti-Softlock\early_super_bridge.ips = ips\Anti-Softlock\early_super_bridge.ips
		ips\Anti-Softlock\early_super_bridge_smz3.ips = ips\Anti-Softlock\early_super_bridge_smz3.ips
		ips\Anti-Softlock\high_jump.ips = ips\Anti-Softlock\high_jump.ips
		ips\Anti-Softlock\high_jump_smz3.ips = ips\Anti-Softlock\high_jump_smz3.ips
		ips\Anti-Softlock\kraid_save.ips = ips\Anti-Softlock\kraid_save.ips
		ips\Anti-Softlock\kraid_save_smz3.ips = ips\Anti-Softlock\kraid_save_smz3.ips
		ips\Anti-Softlock\moat.ips = ips\Anti-Softlock\moat.ips
		ips\Anti-Softlock\moat_smz3.ips = ips\Anti-Softlock\moat_smz3.ips
		ips\Anti-Softlock\red_tower.ips = ips\Anti-Softlock\red_tower.ips
		ips\Anti-Softlock\red_tower_smz3.ips = ips\Anti-Softlock\red_tower_smz3.ips
		ips\Anti-Softlock\spazer.ips = ips\Anti-Softlock\spazer.ips
		ips\Anti-Softlock\spazer_smz3.ips = ips\Anti-Softlock\spazer_smz3.ips
		ips\Anti-Softlock\spospo_save.ips = ips\Anti-Softlock\spospo_save.ips
		ips\Anti-Softlock\spospo_save_smz3.ips = ips\Anti-Softlock\spospo_save_smz3.ips
	EndProjectSection
EndProject
Project("{2150E333-8FDC-42A3-9474-1A3956D46DE8}") = "docs", "docs", "{C31AD4A8-CCBF-4F34-A833-0CADBA356593}"
	ProjectSection(SolutionItems) = preProject
		docs\elevators_speed_arch_smz3.yaml = docs\elevators_speed_arch_smz3.yaml
		docs\elevators_speed_smz3.yaml = docs\elevators_speed_smz3.yaml
		docs\fast_doors_arch_smz3.yaml = docs\fast_doors_arch_smz3.yaml
		docs\fast_doors_smz3.yaml = docs\fast_doors_smz3.yaml
		docs\green_pirates_shaft_smz3.yaml = docs\green_pirates_shaft_smz3.yaml
		docs\Infinite_Space_Jump_smz3.yaml = docs\Infinite_Space_Jump_smz3.yaml
		docs\minimizer_tourian_common_smz3.yaml = docs\minimizer_tourian_common_smz3.yaml
		docs\nerfed_charge_arch_smz3.yaml = docs\nerfed_charge_arch_smz3.yaml
		docs\nerfed_charge_smz3.yaml = docs\nerfed_charge_smz3.yaml
		docs\random_music_smz3.yaml = docs\random_music_smz3.yaml
		docs\refill_before_save_smz3.yaml = docs\refill_before_save_smz3.yaml
		docs\spinjumprestart_smz3.yaml = docs\spinjumprestart_smz3.yaml
		docs\supermetroid_msu1_smz3.yaml = docs\supermetroid_msu1_smz3.yaml
	EndProjectSection
EndProject
Project("{2150E333-8FDC-42A3-9474-1A3956D46DE8}") = "Anti-Softlock", "Anti-Softlock", "{26FFED61-8CF9-4E3B-B1F9-DF49B35D28E2}"
	ProjectSection(SolutionItems) = preProject
		docs\Anti-Softlock\brinstar_map_room_smz3.yaml = docs\Anti-Softlock\brinstar_map_room_smz3.yaml
		docs\Anti-Softlock\dachora_smz3.yaml = docs\Anti-Softlock\dachora_smz3.yaml
		docs\Anti-Softlock\early_super_bridge_smz3.yaml = docs\Anti-Softlock\early_super_bridge_smz3.yaml
		docs\Anti-Softlock\high_jump_smz3.yaml = docs\Anti-Softlock\high_jump_smz3.yaml
		docs\Anti-Softlock\kraid_save_smz3.yaml = docs\Anti-Softlock\kraid_save_smz3.yaml
		docs\Anti-Softlock\moat_smz3.yaml = docs\Anti-Softlock\moat_smz3.yaml
		docs\Anti-Softlock\red_tower_smz3.yaml = docs\Anti-Softlock\red_tower_smz3.yaml
		docs\Anti-Softlock\spazer_smz3.yaml = docs\Anti-Softlock\spazer_smz3.yaml
		docs\Anti-Softlock\spospo_save_smz3.yaml = docs\Anti-Softlock\spospo_save_smz3.yaml
	EndProjectSection
EndProject
Project("{2150E333-8FDC-42A3-9474-1A3956D46DE8}") = "MSU1", "MSU1", "{B5072139-06F7-423B-97A9-A4913540A08F}"
	ProjectSection(SolutionItems) = preProject
		ips\MSU1\alttp_msu1.ips = ips\MSU1\alttp_msu1.ips
		ips\MSU1\alttp_msu1_noExpansion.ips = ips\MSU1\alttp_msu1_noExpansion.ips
		ips\MSU1\alttp_msu1_short.ips = ips\MSU1\alttp_msu1_short.ips
		ips\MSU1\alttp_msu1_short_smz3.ips = ips\MSU1\alttp_msu1_short_smz3.ips
		ips\MSU1\supermetroid_msu1.ips = ips\MSU1\supermetroid_msu1.ips
		ips\MSU1\supermetroid_msu1_emulator.ips = ips\MSU1\supermetroid_msu1_emulator.ips
		ips\MSU1\supermetroid_msu1_emulator_smz3.ips = ips\MSU1\supermetroid_msu1_emulator_smz3.ips
	EndProjectSection
EndProject
Project("{2150E333-8FDC-42A3-9474-1A3956D46DE8}") = "MSU1", "MSU1", "{67D6F2A0-419C-4607-BDBB-76A3327B2D65}"
	ProjectSection(SolutionItems) = preProject
		docs\MSU1\alttp_msu1_noExpansion_smz3.yaml = docs\MSU1\alttp_msu1_noExpansion_smz3.yaml
		docs\MSU1\alttp_msu1_short_smz3.yaml = docs\MSU1\alttp_msu1_short_smz3.yaml
		docs\MSU1\alttp_msu1_smz3.yaml = docs\MSU1\alttp_msu1_smz3.yaml
		docs\MSU1\supermetroid_msu1_emulator_smz3.yaml = docs\MSU1\supermetroid_msu1_emulator_smz3.yaml
		docs\MSU1\supermetroid_msu1_smz3.yaml = docs\MSU1\supermetroid_msu1_smz3.yaml
	EndProjectSection
EndProject
Project("{2150E333-8FDC-42A3-9474-1A3956D46DE8}") = "sfc", "sfc", "{137F2D16-CEA3-47F1-923E-437288B7D93C}"
	ProjectSection(SolutionItems) = preProject
		sfc\green_pirates_shaft.sfc = sfc\green_pirates_shaft.sfc
	EndProjectSection
EndProject
Project("{2150E333-8FDC-42A3-9474-1A3956D46DE8}") = "images", "images", "{AD3AD8FA-8331-40BC-8BA9-B714126150DA}"
	ProjectSection(SolutionItems) = preProject
		images\supermetroid_msu1_smz3_title.png = images\supermetroid_msu1_smz3_title.png
	EndProjectSection
EndProject
Global
	GlobalSection(SolutionProperties) = preSolution
		HideSolutionNode = FALSE
	EndGlobalSection
	GlobalSection(NestedProjects) = preSolution
		{FD49D41E-6C22-4B6D-B2E1-5B5A6CBB767D} = {3F4893E1-0CDE-4421-82F8-EC1277E39D51}
		{DABACA08-638A-4F0D-84D5-DFE91DA478A8} = {FD49D41E-6C22-4B6D-B2E1-5B5A6CBB767D}
		{C31AD4A8-CCBF-4F34-A833-0CADBA356593} = {3F4893E1-0CDE-4421-82F8-EC1277E39D51}
		{26FFED61-8CF9-4E3B-B1F9-DF49B35D28E2} = {C31AD4A8-CCBF-4F34-A833-0CADBA356593}
		{B5072139-06F7-423B-97A9-A4913540A08F} = {FD49D41E-6C22-4B6D-B2E1-5B5A6CBB767D}
		{67D6F2A0-419C-4607-BDBB-76A3327B2D65} = {C31AD4A8-CCBF-4F34-A833-0CADBA356593}
		{137F2D16-CEA3-47F1-923E-437288B7D93C} = {3F4893E1-0CDE-4421-82F8-EC1277E39D51}
		{AD3AD8FA-8331-40BC-8BA9-B714126150DA} = {3F4893E1-0CDE-4421-82F8-EC1277E39D51}
	EndGlobalSection
	GlobalSection(ExtensibilityGlobals) = postSolution
		SolutionGuid = {E041A297-06F4-4BDF-86C0-D8049B0EFB23}
	EndGlobalSection
EndGlobal
